
Microsoft Visual Studio Solution File, Format Version 12.00
# Visual Studio 14
VisualStudioVersion = 14.0.24720.0
MinimumVisualStudioVersion = 10.0.40219.1
Project("{FAE04EC0-301F-11D3-BF4B-00C04F79EFBC}") = "RoverComm", "RoverComm\RoverComm.csproj", "{F56683C0-D468-4BA5-8108-EB2C41B31C20}"
EndProject
Project("{FAE04EC0-301F-11D3-BF4B-00C04F79EFBC}") = "LKRoverApp", "LKRoverApp\LKRoverApp.csproj", "{D01F2E29-9F44-4742-A78F-A9261A4CA5A0}"
EndProject
Project("{FAE04EC0-301F-11D3-BF4B-00C04F79EFBC}") = "TBot_GUI", "TBot_GUI\TBot_GUI\TBot_GUI.csproj", "{0CBE401A-E778-4517-8094-90816A794D02}"
EndProject
Project("{FAE04EC0-301F-11D3-BF4B-00C04F79EFBC}") = "LKXboxController", "LKXboxController\LKXboxController.csproj", "{900CA7DF-23D0-44C4-826F-D813F343D816}"
EndProject
Global
	GlobalSection(SolutionConfigurationPlatforms) = preSolution
		Debug|Any CPU = Debug|Any CPU
		Release|Any CPU = Release|Any CPU
	EndGlobalSection
	GlobalSection(ProjectConfigurationPlatforms) = postSolution
		{F56683C0-D468-4BA5-8108-EB2C41B31C20}.Debug|Any CPU.ActiveCfg = Debug|Any CPU
		{F56683C0-D468-4BA5-8108-EB2C41B31C20}.Debug|Any CPU.Build.0 = Debug|Any CPU
		{F56683C0-D468-4BA5-8108-EB2C41B31C20}.Release|Any CPU.ActiveCfg = Release|Any CPU
		{F56683C0-D468-4BA5-8108-EB2C41B31C20}.Release|Any CPU.Build.0 = Release|Any CPU
		{D01F2E29-9F44-4742-A78F-A9261A4CA5A0}.Debug|Any CPU.ActiveCfg = Debug|Any CPU
		{D01F2E29-9F44-4742-A78F-A9261A4CA5A0}.Debug|Any CPU.Build.0 = Debug|Any CPU
		{D01F2E29-9F44-4742-A78F-A9261A4CA5A0}.Release|Any CPU.ActiveCfg = Release|Any CPU
		{D01F2E29-9F44-4742-A78F-A9261A4CA5A0}.Release|Any CPU.Build.0 = Release|Any CPU
		{0CBE401A-E778-4517-8094-90816A794D02}.Debug|Any CPU.ActiveCfg = Debug|Any CPU
		{0CBE401A-E778-4517-8094-90816A794D02}.Debug|Any CPU.Build.0 = Debug|Any CPU
		{0CBE401A-E778-4517-8094-90816A794D02}.Release|Any CPU.ActiveCfg = Release|Any CPU
		{0CBE401A-E778-4517-8094-90816A794D02}.Release|Any CPU.Build.0 = Release|Any CPU
		{900CA7DF-23D0-44C4-826F-D813F343D816}.Debug|Any CPU.ActiveCfg = Debug|Any CPU
		{900CA7DF-23D0-44C4-826F-D813F343D816}.Debug|Any CPU.Build.0 = Debug|Any CPU
		{900CA7DF-23D0-44C4-826F-D813F343D816}.Release|Any CPU.ActiveCfg = Release|Any CPU
		{900CA7DF-23D0-44C4-826F-D813F343D816}.Release|Any CPU.Build.0 = Release|Any CPU
	EndGlobalSection
	GlobalSection(SolutionProperties) = preSolution
		HideSolutionNode = FALSE
	EndGlobalSection
EndGlobal
